
Microsoft Visual Studio Solution File, Format Version 12.00
# Visual Studio 14
VisualStudioVersion = 14.0.25123.0
MinimumVisualStudioVersion = 10.0.40219.1
Project("{FAE04EC0-301F-11D3-BF4B-00C04F79EFBC}") = "Codealike.CanInterruptWindowsClient", "Codealike.CanInterruptWindowsClient\Codealike.CanInterruptWindowsClient.csproj", "{B676D64A-0F10-4EFF-AEC3-84F3BDEB79DF}"
EndProject
Global
	GlobalSection(SolutionConfigurationPlatforms) = preSolution
		Debug|Any CPU = Debug|Any CPU
		Release|Any CPU = Release|Any CPU
	EndGlobalSection
	GlobalSection(ProjectConfigurationPlatforms) = postSolution
		{B676D64A-0F10-4EFF-AEC3-84F3BDEB79DF}.Debug|Any CPU.ActiveCfg = Debug|Any CPU
		{B676D64A-0F10-4EFF-AEC3-84F3BDEB79DF}.Debug|Any CPU.Build.0 = Debug|Any CPU
		{B676D64A-0F10-4EFF-AEC3-84F3BDEB79DF}.Release|Any CPU.ActiveCfg = Release|Any CPU
		{B676D64A-0F10-4EFF-AEC3-84F3BDEB79DF}.Release|Any CPU.Build.0 = Release|Any CPU
	EndGlobalSection
	GlobalSection(SolutionProperties) = preSolution
		HideSolutionNode = FALSE
	EndGlobalSection
	GlobalSection(CodealikeProperties) = postSolution
		SolutionGuid = 97268760-3f6a-4d92-a8f1-21c0e68d030a
	EndGlobalSection
EndGlobal
